
Microsoft Visual Studio Solution File, Format Version 10.00
# Visual C++ Express 2008
Project("{8BC9CEB8-8B4A-11D0-8D11-00A0C91BC942}") = "General", "general\General.vcproj", "{121530D0-D7D4-487C-846F-2BBFB0CAF032}"
EndProject
Project("{8BC9CEB8-8B4A-11D0-8D11-00A0C91BC942}") = "ftdx", "ftdx\ftdx.vcproj", "{26FC2680-906D-4276-ABCE-B8B82D1A33B9}"
EndProject
Project("{8BC9CEB8-8B4A-11D0-8D11-00A0C91BC942}") = "nowind", "nowind\nowind.vcproj", "{96193BDE-798C-406C-84DD-82D4CBDDB0BD}"
	ProjectSection(ProjectDependencies) = postProject
		{26FC2680-906D-4276-ABCE-B8B82D1A33B9} = {26FC2680-906D-4276-ABCE-B8B82D1A33B9}
		{84CB9A93-5255-49DC-90B5-094A40902C45} = {84CB9A93-5255-49DC-90B5-094A40902C45}
		{121530D0-D7D4-487C-846F-2BBFB0CAF032} = {121530D0-D7D4-487C-846F-2BBFB0CAF032}
	EndProjectSection
EndProject
Project("{8BC9CEB8-8B4A-11D0-8D11-00A0C91BC942}") = "nwhost", "nwhost\nwhost.vcproj", "{84CB9A93-5255-49DC-90B5-094A40902C45}"
	ProjectSection(ProjectDependencies) = postProject
		{121530D0-D7D4-487C-846F-2BBFB0CAF032} = {121530D0-D7D4-487C-846F-2BBFB0CAF032}
	EndProjectSection
EndProject
Project("{8BC9CEB8-8B4A-11D0-8D11-00A0C91BC942}") = "nwhostapp", "nwhostapp\nwhostapp.vcproj", "{B130EB13-1A0D-4482-8A36-F5087F6A0230}"
	ProjectSection(ProjectDependencies) = postProject
		{96193BDE-798C-406C-84DD-82D4CBDDB0BD} = {96193BDE-798C-406C-84DD-82D4CBDDB0BD}
	EndProjectSection
EndProject
Global
	GlobalSection(SolutionConfigurationPlatforms) = preSolution
		Debug|Win32 = Debug|Win32
		Release|Win32 = Release|Win32
	EndGlobalSection
	GlobalSection(ProjectConfigurationPlatforms) = postSolution
		{121530D0-D7D4-487C-846F-2BBFB0CAF032}.Debug|Win32.ActiveCfg = Debug|Win32
		{121530D0-D7D4-487C-846F-2BBFB0CAF032}.Debug|Win32.Build.0 = Debug|Win32
		{121530D0-D7D4-487C-846F-2BBFB0CAF032}.Release|Win32.ActiveCfg = Release|Win32
		{121530D0-D7D4-487C-846F-2BBFB0CAF032}.Release|Win32.Build.0 = Release|Win32
		{26FC2680-906D-4276-ABCE-B8B82D1A33B9}.Debug|Win32.ActiveCfg = Debug|Win32
		{26FC2680-906D-4276-ABCE-B8B82D1A33B9}.Debug|Win32.Build.0 = Debug|Win32
		{26FC2680-906D-4276-ABCE-B8B82D1A33B9}.Release|Win32.ActiveCfg = Release|Win32
		{26FC2680-906D-4276-ABCE-B8B82D1A33B9}.Release|Win32.Build.0 = Release|Win32
		{96193BDE-798C-406C-84DD-82D4CBDDB0BD}.Debug|Win32.ActiveCfg = Debug|Win32
		{96193BDE-798C-406C-84DD-82D4CBDDB0BD}.Debug|Win32.Build.0 = Debug|Win32
		{96193BDE-798C-406C-84DD-82D4CBDDB0BD}.Release|Win32.ActiveCfg = Release|Win32
		{96193BDE-798C-406C-84DD-82D4CBDDB0BD}.Release|Win32.Build.0 = Release|Win32
		{84CB9A93-5255-49DC-90B5-094A40902C45}.Debug|Win32.ActiveCfg = Debug|Win32
		{84CB9A93-5255-49DC-90B5-094A40902C45}.Debug|Win32.Build.0 = Debug|Win32
		{84CB9A93-5255-49DC-90B5-094A40902C45}.Release|Win32.ActiveCfg = Release|Win32
		{84CB9A93-5255-49DC-90B5-094A40902C45}.Release|Win32.Build.0 = Release|Win32
		{B130EB13-1A0D-4482-8A36-F5087F6A0230}.Debug|Win32.ActiveCfg = Debug|Win32
		{B130EB13-1A0D-4482-8A36-F5087F6A0230}.Debug|Win32.Build.0 = Debug|Win32
		{B130EB13-1A0D-4482-8A36-F5087F6A0230}.Release|Win32.ActiveCfg = Release|Win32
		{B130EB13-1A0D-4482-8A36-F5087F6A0230}.Release|Win32.Build.0 = Release|Win32
	EndGlobalSection
	GlobalSection(SolutionProperties) = preSolution
		HideSolutionNode = FALSE
	EndGlobalSection
EndGlobal
