
Microsoft Visual Studio Solution File, Format Version 10.00
# Visual C++ Express 2008
Project("{8BC9CEB8-8B4A-11D0-8D11-00A0C91BC942}") = "gremlin", "gremlin.vcproj", "{794B0F9C-E810-4C15-B6F8-DAD669D9B73E}"
EndProject
Global
	GlobalSection(SolutionConfigurationPlatforms) = preSolution
		Debug|Win32 = Debug|Win32
		Release|Win32 = Release|Win32
	EndGlobalSection
	GlobalSection(ProjectConfigurationPlatforms) = postSolution
		{794B0F9C-E810-4C15-B6F8-DAD669D9B73E}.Debug|Win32.ActiveCfg = Debug|Win32
		{794B0F9C-E810-4C15-B6F8-DAD669D9B73E}.Debug|Win32.Build.0 = Debug|Win32
		{794B0F9C-E810-4C15-B6F8-DAD669D9B73E}.Release|Win32.ActiveCfg = Release|Win32
		{794B0F9C-E810-4C15-B6F8-DAD669D9B73E}.Release|Win32.Build.0 = Release|Win32
	EndGlobalSection
	GlobalSection(SolutionProperties) = preSolution
		HideSolutionNode = FALSE
	EndGlobalSection
EndGlobal
